{
  "name": "tysonwjl.github.io",
  "lockfileVersion": 2,
  "requires": true,
  "packages": {
    "": {
      "dependencies": {
        "fullpage.js": "^4.0.10"
      }
    },
    "node_modules/fullpage.js": {
      "version": "4.0.10",
      "resolved": "https://registry.npmjs.org/fullpage.js/-/fullpage.js-4.0.10.tgz",
      "integrity": "sha512-x76Q+lzhghCou9B+cs6UzZkUHQNxmQ/zJFgWYcjBcTAmRgxnMpDyFLgMhLAsO1+6LakkKuDfBVy8H84u299c1Q=="
    }
  },
  "dependencies": {
    "fullpage.js": {
      "version": "4.0.10",
      "resolved": "https://registry.npmjs.org/fullpage.js/-/fullpage.js-4.0.10.tgz",
      "integrity": "sha512-x76Q+lzhghCou9B+cs6UzZkUHQNxmQ/zJFgWYcjBcTAmRgxnMpDyFLgMhLAsO1+6LakkKuDfBVy8H84u299c1Q=="
    }
  }
}
